
Microsoft Visual Studio Solution File, Format Version 12.00
# Visual Studio Version 17
VisualStudioVersion = 17.11.35312.102
MinimumVisualStudioVersion = 10.0.40219.1
Project("{FAE04EC0-301F-11D3-BF4B-00C04F79EFBC}") = "ReservaCanchas-Maui", "ReservaCanchas-Maui\ReservaCanchas-Maui.csproj", "{66E31081-8F8B-49E3-BF89-85274F96DE0B}"
EndProject
Global
	GlobalSection(SolutionConfigurationPlatforms) = preSolution
		Debug|Any CPU = Debug|Any CPU
		Release|Any CPU = Release|Any CPU
	EndGlobalSection
	GlobalSection(ProjectConfigurationPlatforms) = postSolution
		{66E31081-8F8B-49E3-BF89-85274F96DE0B}.Debug|Any CPU.ActiveCfg = Debug|Any CPU
		{66E31081-8F8B-49E3-BF89-85274F96DE0B}.Debug|Any CPU.Build.0 = Debug|Any CPU
		{66E31081-8F8B-49E3-BF89-85274F96DE0B}.Debug|Any CPU.Deploy.0 = Debug|Any CPU
		{66E31081-8F8B-49E3-BF89-85274F96DE0B}.Release|Any CPU.ActiveCfg = Release|Any CPU
		{66E31081-8F8B-49E3-BF89-85274F96DE0B}.Release|Any CPU.Build.0 = Release|Any CPU
		{66E31081-8F8B-49E3-BF89-85274F96DE0B}.Release|Any CPU.Deploy.0 = Release|Any CPU
	EndGlobalSection
	GlobalSection(SolutionProperties) = preSolution
		HideSolutionNode = FALSE
	EndGlobalSection
	GlobalSection(ExtensibilityGlobals) = postSolution
		SolutionGuid = {D5E2A60C-A8AA-475C-9B7E-A24C0DCC49E9}
	EndGlobalSection
EndGlobal
